
Microsoft Visual Studio Solution File, Format Version 12.00
# Visual Studio Version 16
VisualStudioVersion = 16.0.31019.35
MinimumVisualStudioVersion = 10.0.40219.1
Project("{9A19103F-16F7-4668-BE54-9A1E7A4F7556}") = "ManipulatorMod", "ManipulatorMod\ManipulatorMod.csproj", "{91B90B00-A791-48CB-82F3-746AB00E8946}"
EndProject
Global
	GlobalSection(SolutionConfigurationPlatforms) = preSolution
		Debug|Any CPU = Debug|Any CPU
		Release|Any CPU = Release|Any CPU
	EndGlobalSection
	GlobalSection(ProjectConfigurationPlatforms) = postSolution
		{91B90B00-A791-48CB-82F3-746AB00E8946}.Debug|Any CPU.ActiveCfg = Debug|Any CPU
		{91B90B00-A791-48CB-82F3-746AB00E8946}.Debug|Any CPU.Build.0 = Debug|Any CPU
		{91B90B00-A791-48CB-82F3-746AB00E8946}.Release|Any CPU.ActiveCfg = Release|Any CPU
		{91B90B00-A791-48CB-82F3-746AB00E8946}.Release|Any CPU.Build.0 = Release|Any CPU
	EndGlobalSection
	GlobalSection(SolutionProperties) = preSolution
		HideSolutionNode = FALSE
	EndGlobalSection
	GlobalSection(ExtensibilityGlobals) = postSolution
		SolutionGuid = {D3EE2E97-5936-47F5-83FC-0DD901E6C786}
	EndGlobalSection
EndGlobal
